
Microsoft Visual Studio Solution File, Format Version 12.00
# Visual Studio Version 17
VisualStudioVersion = 17.8.34511.84
MinimumVisualStudioVersion = 10.0.40219.1
Project("{FAE04EC0-301F-11D3-BF4B-00C04F79EFBC}") = "blackjack oyun", "blackjack oyun\blackjack oyun.csproj", "{B5220073-27E1-46E8-BC5D-D8E99BB4C6B5}"
EndProject
Global
	GlobalSection(SolutionConfigurationPlatforms) = preSolution
		Debug|Any CPU = Debug|Any CPU
		Release|Any CPU = Release|Any CPU
	EndGlobalSection
	GlobalSection(ProjectConfigurationPlatforms) = postSolution
		{B5220073-27E1-46E8-BC5D-D8E99BB4C6B5}.Debug|Any CPU.ActiveCfg = Debug|Any CPU
		{B5220073-27E1-46E8-BC5D-D8E99BB4C6B5}.Debug|Any CPU.Build.0 = Debug|Any CPU
		{B5220073-27E1-46E8-BC5D-D8E99BB4C6B5}.Release|Any CPU.ActiveCfg = Release|Any CPU
		{B5220073-27E1-46E8-BC5D-D8E99BB4C6B5}.Release|Any CPU.Build.0 = Release|Any CPU
	EndGlobalSection
	GlobalSection(SolutionProperties) = preSolution
		HideSolutionNode = FALSE
	EndGlobalSection
	GlobalSection(ExtensibilityGlobals) = postSolution
		SolutionGuid = {9EC19782-CD74-453E-8767-FADA0DC3D4CD}
	EndGlobalSection
EndGlobal
